// !$*UTF8*$!
{
	archiveVersion = 1;
	classes = {
	};
	objectVersion = 50;
	objects = {

/* Begin PBXBuildFile section */
		753CB6B124D21A6700F45D67 /* AppDelegate.swift in Sources */ = {isa = PBXBuildFile; fileRef = 753CB6B024D21A6700F45D67 /* AppDelegate.swift */; };
		753CB6B324D21A6700F45D67 /* SceneDelegate.swift in Sources */ = {isa = PBXBuildFile; fileRef = 753CB6B224D21A6700F45D67 /* SceneDelegate.swift */; };
		753CB6B524D21A6700F45D67 /* ViewController.swift in Sources */ = {isa = PBXBuildFile; fileRef = 753CB6B424D21A6700F45D67 /* ViewController.swift */; };
		753CB6B824D21A6700F45D67 /* Main.storyboard in Resources */ = {isa = PBXBuildFile; fileRef = 753CB6B624D21A6700F45D67 /* Main.storyboard */; };
		753CB6BA24D21A6D00F45D67 /* Assets.xcassets in Resources */ = {isa = PBXBuildFile; fileRef = 753CB6B924D21A6D00F45D67 /* Assets.xcassets */; };
		753CB6BD24D21A6D00F45D67 /* LaunchScreen.storyboard in Resources */ = {isa = PBXBuildFile; fileRef = 753CB6BB24D21A6D00F45D67 /* LaunchScreen.storyboard */; };
		7545FF6B24DA2CFB0001BE46 /* paloITUITests.swift in Sources */ = {isa = PBXBuildFile; fileRef = 7545FF6A24DA2CFB0001BE46 /* paloITUITests.swift */; };
		7545FF7924DA2D810001BE46 /* paloITTests.swift in Sources */ = {isa = PBXBuildFile; fileRef = 7545FF7824DA2D810001BE46 /* paloITTests.swift */; };
		7545FF8124DA43CE0001BE46 /* utilities.swift in Sources */ = {isa = PBXBuildFile; fileRef = 7545FF8024DA43CE0001BE46 /* utilities.swift */; };
/* End PBXBuildFile section */

/* Begin PBXContainerItemProxy section */
		7545FF6D24DA2CFB0001BE46 /* PBXContainerItemProxy */ = {
			isa = PBXContainerItemProxy;
			containerPortal = 753CB6A524D21A6700F45D67 /* Project object */;
			proxyType = 1;
			remoteGlobalIDString = 753CB6AC24D21A6700F45D67;
			remoteInfo = "paloIT-test";
		};
		7545FF7B24DA2D810001BE46 /* PBXContainerItemProxy */ = {
			isa = PBXContainerItemProxy;
			containerPortal = 753CB6A524D21A6700F45D67 /* Project object */;
			proxyType = 1;
			remoteGlobalIDString = 753CB6AC24D21A6700F45D67;
			remoteInfo = "paloIT-test";
		};
/* End PBXContainerItemProxy section */

/* Begin PBXFileReference section */
		753CB6AD24D21A6700F45D67 /* paloIT-test.app */ = {isa = PBXFileReference; explicitFileType = wrapper.application; includeInIndex = 0; path = "paloIT-test.app"; sourceTree = BUILT_PRODUCTS_DIR; };
		753CB6B024D21A6700F45D67 /* AppDelegate.swift */ = {isa = PBXFileReference; lastKnownFileType = sourcecode.swift; path = AppDelegate.swift; sourceTree = "<group>"; };
		753CB6B224D21A6700F45D67 /* SceneDelegate.swift */ = {isa = PBXFileReference; lastKnownFileType = sourcecode.swift; path = SceneDelegate.swift; sourceTree = "<group>"; };
		753CB6B424D21A6700F45D67 /* ViewController.swift */ = {isa = PBXFileReference; lastKnownFileType = sourcecode.swift; path = ViewController.swift; sourceTree = "<group>"; };
		753CB6B724D21A6700F45D67 /* Base */ = {isa = PBXFileReference; lastKnownFileType = file.storyboard; name = Base; path = Base.lproj/Main.storyboard; sourceTree = "<group>"; };
		753CB6B924D21A6D00F45D67 /* Assets.xcassets */ = {isa = PBXFileReference; lastKnownFileType = folder.assetcatalog; path = Assets.xcassets; sourceTree = "<group>"; };
		753CB6BC24D21A6D00F45D67 /* Base */ = {isa = PBXFileReference; lastKnownFileType = file.storyboard; name = Base; path = Base.lproj/LaunchScreen.storyboard; sourceTree = "<group>"; };
		753CB6BE24D21A6D00F45D67 /* Info.plist */ = {isa = PBXFileReference; lastKnownFileType = text.plist.xml; path = Info.plist; sourceTree = "<group>"; };
		7545FF6824DA2CFB0001BE46 /* paloITUITests.xctest */ = {isa = PBXFileReference; explicitFileType = wrapper.cfbundle; includeInIndex = 0; path = paloITUITests.xctest; sourceTree = BUILT_PRODUCTS_DIR; };
		7545FF6A24DA2CFB0001BE46 /* paloITUITests.swift */ = {isa = PBXFileReference; lastKnownFileType = sourcecode.swift; path = paloITUITests.swift; sourceTree = "<group>"; };
		7545FF6C24DA2CFB0001BE46 /* Info.plist */ = {isa = PBXFileReference; lastKnownFileType = text.plist.xml; path = Info.plist; sourceTree = "<group>"; };
		7545FF7624DA2D810001BE46 /* paloITTests.xctest */ = {isa = PBXFileReference; explicitFileType = wrapper.cfbundle; includeInIndex = 0; path = paloITTests.xctest; sourceTree = BUILT_PRODUCTS_DIR; };
		7545FF7824DA2D810001BE46 /* paloITTests.swift */ = {isa = PBXFileReference; lastKnownFileType = sourcecode.swift; path = paloITTests.swift; sourceTree = "<group>"; };
		7545FF7A24DA2D810001BE46 /* Info.plist */ = {isa = PBXFileReference; lastKnownFileType = text.plist.xml; path = Info.plist; sourceTree = "<group>"; };
		7545FF8024DA43CE0001BE46 /* utilities.swift */ = {isa = PBXFileReference; lastKnownFileType = sourcecode.swift; path = utilities.swift; sourceTree = "<group>"; };
/* End PBXFileReference section */

/* Begin PBXFrameworksBuildPhase section */
		753CB6AA24D21A6700F45D67 /* Frameworks */ = {
			isa = PBXFrameworksBuildPhase;
			buildActionMask = 2147483647;
			files = (
			);
			runOnlyForDeploymentPostprocessing = 0;
		};
		7545FF6524DA2CFB0001BE46 /* Frameworks */ = {
			isa = PBXFrameworksBuildPhase;
			buildActionMask = 2147483647;
			files = (
			);
			runOnlyForDeploymentPostprocessing = 0;
		};
		7545FF7324DA2D810001BE46 /* Frameworks */ = {
			isa = PBXFrameworksBuildPhase;
			buildActionMask = 2147483647;
			files = (
			);
			runOnlyForDeploymentPostprocessing = 0;
		};
/* End PBXFrameworksBuildPhase section */

/* Begin PBXGroup section */
		753CB6A424D21A6700F45D67 = {
			isa = PBXGroup;
			children = (
				753CB6AF24D21A6700F45D67 /* paloIT-test */,
				7545FF6924DA2CFB0001BE46 /* paloITUITests */,
				7545FF7724DA2D810001BE46 /* paloITTests */,
				753CB6AE24D21A6700F45D67 /* Products */,
			);
			sourceTree = "<group>";
			usesTabs = 0;
		};
		753CB6AE24D21A6700F45D67 /* Products */ = {
			isa = PBXGroup;
			children = (
				753CB6AD24D21A6700F45D67 /* paloIT-test.app */,
				7545FF6824DA2CFB0001BE46 /* paloITUITests.xctest */,
				7545FF7624DA2D810001BE46 /* paloITTests.xctest */,
			);
			name = Products;
			sourceTree = "<group>";
		};
		753CB6AF24D21A6700F45D67 /* paloIT-test */ = {
			isa = PBXGroup;
			children = (
				753CB6B024D21A6700F45D67 /* AppDelegate.swift */,
				753CB6B224D21A6700F45D67 /* SceneDelegate.swift */,
				753CB6B424D21A6700F45D67 /* ViewController.swift */,
				753CB6B624D21A6700F45D67 /* Main.storyboard */,
				753CB6B924D21A6D00F45D67 /* Assets.xcassets */,
				753CB6BB24D21A6D00F45D67 /* LaunchScreen.storyboard */,
				753CB6BE24D21A6D00F45D67 /* Info.plist */,
			);
			path = "paloIT-test";
			sourceTree = "<group>";
		};
		7545FF6924DA2CFB0001BE46 /* paloITUITests */ = {
			isa = PBXGroup;
			children = (
				7545FF6A24DA2CFB0001BE46 /* paloITUITests.swift */,
				7545FF8024DA43CE0001BE46 /* utilities.swift */,
				7545FF6C24DA2CFB0001BE46 /* Info.plist */,
			);
			path = paloITUITests;
			sourceTree = "<group>";
		};
		7545FF7724DA2D810001BE46 /* paloITTests */ = {
			isa = PBXGroup;
			children = (
				7545FF7824DA2D810001BE46 /* paloITTests.swift */,
				7545FF7A24DA2D810001BE46 /* Info.plist */,
			);
			path = paloITTests;
			sourceTree = "<group>";
		};
/* End PBXGroup section */

/* Begin PBXNativeTarget section */
		753CB6AC24D21A6700F45D67 /* paloIT-test */ = {
			isa = PBXNativeTarget;
			buildConfigurationList = 753CB6C124D21A6D00F45D67 /* Build configuration list for PBXNativeTarget "paloIT-test" */;
			buildPhases = (
				753CB6A924D21A6700F45D67 /* Sources */,
				753CB6AA24D21A6700F45D67 /* Frameworks */,
				753CB6AB24D21A6700F45D67 /* Resources */,
			);
			buildRules = (
			);
			dependencies = (
			);
			name = "paloIT-test";
			productName = "paloIT-test";
			productReference = 753CB6AD24D21A6700F45D67 /* paloIT-test.app */;
			productType = "com.apple.product-type.application";
		};
		7545FF6724DA2CFB0001BE46 /* paloITUITests */ = {
			isa = PBXNativeTarget;
			buildConfigurationList = 7545FF6F24DA2CFB0001BE46 /* Build configuration list for PBXNativeTarget "paloITUITests" */;
			buildPhases = (
				7545FF6424DA2CFB0001BE46 /* Sources */,
				7545FF6524DA2CFB0001BE46 /* Frameworks */,
				7545FF6624DA2CFB0001BE46 /* Resources */,
			);
			buildRules = (
			);
			dependencies = (
				7545FF6E24DA2CFB0001BE46 /* PBXTargetDependency */,
			);
			name = paloITUITests;
			productName = paloITUITests;
			productReference = 7545FF6824DA2CFB0001BE46 /* paloITUITests.xctest */;
			productType = "com.apple.product-type.bundle.ui-testing";
		};
		7545FF7524DA2D810001BE46 /* paloITTests */ = {
			isa = PBXNativeTarget;
			buildConfigurationList = 7545FF7D24DA2D810001BE46 /* Build configuration list for PBXNativeTarget "paloITTests" */;
			buildPhases = (
				7545FF7224DA2D810001BE46 /* Sources */,
				7545FF7324DA2D810001BE46 /* Frameworks */,
				7545FF7424DA2D810001BE46 /* Resources */,
			);
			buildRules = (
			);
			dependencies = (
				7545FF7C24DA2D810001BE46 /* PBXTargetDependency */,
			);
			name = paloITTests;
			productName = paloITTests;
			productReference = 7545FF7624DA2D810001BE46 /* paloITTests.xctest */;
			productType = "com.apple.product-type.bundle.unit-test";
		};
/* End PBXNativeTarget section */

/* Begin PBXProject section */
		753CB6A524D21A6700F45D67 /* Project object */ = {
			isa = PBXProject;
			attributes = {
				LastSwiftUpdateCheck = 1150;
				LastUpgradeCheck = 1150;
				ORGANIZATIONNAME = "Carlos Ponce";
				TargetAttributes = {
					753CB6AC24D21A6700F45D67 = {
						CreatedOnToolsVersion = 11.5;
					};
					7545FF6724DA2CFB0001BE46 = {
						CreatedOnToolsVersion = 11.5;
						TestTargetID = 753CB6AC24D21A6700F45D67;
					};
					7545FF7524DA2D810001BE46 = {
						CreatedOnToolsVersion = 11.5;
						TestTargetID = 753CB6AC24D21A6700F45D67;
					};
				};
			};
			buildConfigurationList = 753CB6A824D21A6700F45D67 /* Build configuration list for PBXProject "paloIT-test" */;
			compatibilityVersion = "Xcode 9.3";
			developmentRegion = en;
			hasScannedForEncodings = 0;
			knownRegions = (
				en,
				Base,
			);
			mainGroup = 753CB6A424D21A6700F45D67;
			productRefGroup = 753CB6AE24D21A6700F45D67 /* Products */;
			projectDirPath = "";
			projectRoot = "";
			targets = (
				753CB6AC24D21A6700F45D67 /* paloIT-test */,
				7545FF6724DA2CFB0001BE46 /* paloITUITests */,
				7545FF7524DA2D810001BE46 /* paloITTests */,
			);
		};
/* End PBXProject section */

/* Begin PBXResourcesBuildPhase section */
		753CB6AB24D21A6700F45D67 /* Resources */ = {
			isa = PBXResourcesBuildPhase;
			buildActionMask = 2147483647;
			files = (
				753CB6BD24D21A6D00F45D67 /* LaunchScreen.storyboard in Resources */,
				753CB6BA24D21A6D00F45D67 /* Assets.xcassets in Resources */,
				753CB6B824D21A6700F45D67 /* Main.storyboard in Resources */,
			);
			runOnlyForDeploymentPostprocessing = 0;
		};
		7545FF6624DA2CFB0001BE46 /* Resources */ = {
			isa = PBXResourcesBuildPhase;
			buildActionMask = 2147483647;
			files = (
			);
			runOnlyForDeploymentPostprocessing = 0;
		};
		7545FF7424DA2D810001BE46 /* Resources */ = {
			isa = PBXResourcesBuildPhase;
			buildActionMask = 2147483647;
			files = (
			);
			runOnlyForDeploymentPostprocessing = 0;
		};
/* End PBXResourcesBuildPhase section */

/* Begin PBXSourcesBuildPhase section */
		753CB6A924D21A6700F45D67 /* Sources */ = {
			isa = PBXSourcesBuildPhase;
			buildActionMask = 2147483647;
			files = (
				753CB6B524D21A6700F45D67 /* ViewController.swift in Sources */,
				753CB6B124D21A6700F45D67 /* AppDelegate.swift in Sources */,
				753CB6B324D21A6700F45D67 /* SceneDelegate.swift in Sources */,
			);
			runOnlyForDeploymentPostprocessing = 0;
		};
		7545FF6424DA2CFB0001BE46 /* Sources */ = {
			isa = PBXSourcesBuildPhase;
			buildActionMask = 2147483647;
			files = (
				7545FF8124DA43CE0001BE46 /* utilities.swift in Sources */,
				7545FF6B24DA2CFB0001BE46 /* paloITUITests.swift in Sources */,
			);
			runOnlyForDeploymentPostprocessing = 0;
		};
		7545FF7224DA2D810001BE46 /* Sources */ = {
			isa = PBXSourcesBuildPhase;
			buildActionMask = 2147483647;
			files = (
				7545FF7924DA2D810001BE46 /* paloITTests.swift in Sources */,
			);
			runOnlyForDeploymentPostprocessing = 0;
		};
/* End PBXSourcesBuildPhase section */

/* Begin PBXTargetDependency section */
		7545FF6E24DA2CFB0001BE46 /* PBXTargetDependency */ = {
			isa = PBXTargetDependency;
			target = 753CB6AC24D21A6700F45D67 /* paloIT-test */;
			targetProxy = 7545FF6D24DA2CFB0001BE46 /* PBXContainerItemProxy */;
		};
		7545FF7C24DA2D810001BE46 /* PBXTargetDependency */ = {
			isa = PBXTargetDependency;
			target = 753CB6AC24D21A6700F45D67 /* paloIT-test */;
			targetProxy = 7545FF7B24DA2D810001BE46 /* PBXContainerItemProxy */;
		};
/* End PBXTargetDependency section */

/* Begin PBXVariantGroup section */
		753CB6B624D21A6700F45D67 /* Main.storyboard */ = {
			isa = PBXVariantGroup;
			children = (
				753CB6B724D21A6700F45D67 /* Base */,
			);
			name = Main.storyboard;
			sourceTree = "<group>";
		};
		753CB6BB24D21A6D00F45D67 /* LaunchScreen.storyboard */ = {
			isa = PBXVariantGroup;
			children = (
				753CB6BC24D21A6D00F45D67 /* Base */,
			);
			name = LaunchScreen.storyboard;
			sourceTree = "<group>";
		};
/* End PBXVariantGroup section */

/* Begin XCBuildConfiguration section */
		753CB6BF24D21A6D00F45D67 /* Debug */ = {
			isa = XCBuildConfiguration;
			buildSettings = {
				ALWAYS_SEARCH_USER_PATHS = NO;
				CLANG_ANALYZER_NONNULL = YES;
				CLANG_ANALYZER_NUMBER_OBJECT_CONVERSION = YES_AGGRESSIVE;
				CLANG_CXX_LANGUAGE_STANDARD = "gnu++14";
				CLANG_CXX_LIBRARY = "libc++";
				CLANG_ENABLE_MODULES = YES;
				CLANG_ENABLE_OBJC_ARC = YES;
				CLANG_ENABLE_OBJC_WEAK = YES;
				CLANG_WARN_BLOCK_CAPTURE_AUTORELEASING = YES;
				CLANG_WARN_BOOL_CONVERSION = YES;
				CLANG_WARN_COMMA = YES;
				CLANG_WARN_CONSTANT_CONVERSION = YES;
				CLANG_WARN_DEPRECATED_OBJC_IMPLEMENTATIONS = YES;
				CLANG_WARN_DIRECT_OBJC_ISA_USAGE = YES_ERROR;
				CLANG_WARN_DOCUMENTATION_COMMENTS = YES;
				CLANG_WARN_EMPTY_BODY = YES;
				CLANG_WARN_ENUM_CONVERSION = YES;
				CLANG_WARN_INFINITE_RECURSION = YES;
				CLANG_WARN_INT_CONVERSION = YES;
				CLANG_WARN_NON_LITERAL_NULL_CONVERSION = YES;
				CLANG_WARN_OBJC_IMPLICIT_RETAIN_SELF = YES;
				CLANG_WARN_OBJC_LITERAL_CONVERSION = YES;
				CLANG_WARN_OBJC_ROOT_CLASS = YES_ERROR;
				CLANG_WARN_RANGE_LOOP_ANALYSIS = YES;
				CLANG_WARN_STRICT_PROTOTYPES = YES;
				CLANG_WARN_SUSPICIOUS_MOVE = YES;
				CLANG_WARN_UNGUARDED_AVAILABILITY = YES_AGGRESSIVE;
				CLANG_WARN_UNREACHABLE_CODE = YES;
				CLANG_WARN__DUPLICATE_METHOD_MATCH = YES;
				COPY_PHASE_STRIP = NO;
				DEBUG_INFORMATION_FORMAT = dwarf;
				ENABLE_STRICT_OBJC_MSGSEND = YES;
				ENABLE_TESTABILITY = YES;
				GCC_C_LANGUAGE_STANDARD = gnu11;
				GCC_DYNAMIC_NO_PIC = NO;
				GCC_NO_COMMON_BLOCKS = YES;
				GCC_OPTIMIZATION_LEVEL = 0;
				GCC_PREPROCESSOR_DEFINITIONS = (
					"DEBUG=1",
					"$(inherited)",
				);
				GCC_WARN_64_TO_32_BIT_CONVERSION = YES;
				GCC_WARN_ABOUT_RETURN_TYPE = YES_ERROR;
				GCC_WARN_UNDECLARED_SELECTOR = YES;
				GCC_WARN_UNINITIALIZED_AUTOS = YES_AGGRESSIVE;
				GCC_WARN_UNUSED_FUNCTION = YES;
				GCC_WARN_UNUSED_VARIABLE = YES;
				IPHONEOS_DEPLOYMENT_TARGET = 13.5;
				MTL_ENABLE_DEBUG_INFO = INCLUDE_SOURCE;
				MTL_FAST_MATH = YES;
				ONLY_ACTIVE_ARCH = YES;
				SDKROOT = iphoneos;
				SWIFT_ACTIVE_COMPILATION_CONDITIONS = DEBUG;
				SWIFT_OPTIMIZATION_LEVEL = "-Onone";
			};
			name = Debug;
		};
		753CB6C024D21A6D00F45D67 /* Release */ = {
			isa = XCBuildConfiguration;
			buildSettings = {
				ALWAYS_SEARCH_USER_PATHS = NO;
				CLANG_ANALYZER_NONNULL = YES;
				CLANG_ANALYZER_NUMBER_OBJECT_CONVERSION = YES_AGGRESSIVE;
				CLANG_CXX_LANGUAGE_STANDARD = "gnu++14";
				CLANG_CXX_LIBRARY = "libc++";
				CLANG_ENABLE_MODULES = YES;
				CLANG_ENABLE_OBJC_ARC = YES;
				CLANG_ENABLE_OBJC_WEAK = YES;
				CLANG_WARN_BLOCK_CAPTURE_AUTORELEASING = YES;
				CLANG_WARN_BOOL_CONVERSION = YES;
				CLANG_WARN_COMMA = YES;
				CLANG_WARN_CONSTANT_CONVERSION = YES;
				CLANG_WARN_DEPRECATED_OBJC_IMPLEMENTATIONS = YES;
				CLANG_WARN_DIRECT_OBJC_ISA_USAGE = YES_ERROR;
				CLANG_WARN_DOCUMENTATION_COMMENTS = YES;
				CLANG_WARN_EMPTY_BODY = YES;
				CLANG_WARN_ENUM_CONVERSION = YES;
				CLANG_WARN_INFINITE_RECURSION = YES;
				CLANG_WARN_INT_CONVERSION = YES;
				CLANG_WARN_NON_LITERAL_NULL_CONVERSION = YES;
				CLANG_WARN_OBJC_IMPLICIT_RETAIN_SELF = YES;
				CLANG_WARN_OBJC_LITERAL_CONVERSION = YES;
				CLANG_WARN_OBJC_ROOT_CLASS = YES_ERROR;
				CLANG_WARN_RANGE_LOOP_ANALYSIS = YES;
				CLANG_WARN_STRICT_PROTOTYPES = YES;
				CLANG_WARN_SUSPICIOUS_MOVE = YES;
				CLANG_WARN_UNGUARDED_AVAILABILITY = YES_AGGRESSIVE;
				CLANG_WARN_UNREACHABLE_CODE = YES;
				CLANG_WARN__DUPLICATE_METHOD_MATCH = YES;
				COPY_PHASE_STRIP = NO;
				DEBUG_INFORMATION_FORMAT = "dwarf-with-dsym";
				ENABLE_NS_ASSERTIONS = NO;
				ENABLE_STRICT_OBJC_MSGSEND = YES;
				GCC_C_LANGUAGE_STANDARD = gnu11;
				GCC_NO_COMMON_BLOCKS = YES;
				GCC_WARN_64_TO_32_BIT_CONVERSION = YES;
				GCC_WARN_ABOUT_RETURN_TYPE = YES_ERROR;
				GCC_WARN_UNDECLARED_SELECTOR = YES;
				GCC_WARN_UNINITIALIZED_AUTOS = YES_AGGRESSIVE;
				GCC_WARN_UNUSED_FUNCTION = YES;
				GCC_WARN_UNUSED_VARIABLE = YES;
				IPHONEOS_DEPLOYMENT_TARGET = 13.5;
				MTL_ENABLE_DEBUG_INFO = NO;
				MTL_FAST_MATH = YES;
				SDKROOT = iphoneos;
				SWIFT_COMPILATION_MODE = wholemodule;
				SWIFT_OPTIMIZATION_LEVEL = "-O";
				VALIDATE_PRODUCT = YES;
			};
			name = Release;
		};
		753CB6C224D21A6D00F45D67 /* Debug */ = {
			isa = XCBuildConfiguration;
			buildSettings = {
				ASSETCATALOG_COMPILER_APPICON_NAME = AppIcon;
				CODE_SIGN_STYLE = Automatic;
				DEVELOPMENT_TEAM = SLMN9EM3Q9;
				INFOPLIST_FILE = "paloIT-test/Info.plist";
				LD_RUNPATH_SEARCH_PATHS = (
					"$(inherited)",
					"@executable_path/Frameworks",
				);
				PRODUCT_BUNDLE_IDENTIFIER = "poncedevs.paloIT-test";
				PRODUCT_NAME = "$(TARGET_NAME)";
				SWIFT_VERSION = 5.0;
				TARGETED_DEVICE_FAMILY = "1,2";
			};
			name = Debug;
		};
		753CB6C324D21A6D00F45D67 /* Release */ = {
			isa = XCBuildConfiguration;
			buildSettings = {
				ASSETCATALOG_COMPILER_APPICON_NAME = AppIcon;
				CODE_SIGN_STYLE = Automatic;
				DEVELOPMENT_TEAM = SLMN9EM3Q9;
				INFOPLIST_FILE = "paloIT-test/Info.plist";
				LD_RUNPATH_SEARCH_PATHS = (
					"$(inherited)",
					"@executable_path/Frameworks",
				);
				PRODUCT_BUNDLE_IDENTIFIER = "poncedevs.paloIT-test";
				PRODUCT_NAME = "$(TARGET_NAME)";
				SWIFT_VERSION = 5.0;
				TARGETED_DEVICE_FAMILY = "1,2";
			};
			name = Release;
		};
		7545FF7024DA2CFB0001BE46 /* Debug */ = {
			isa = XCBuildConfiguration;
			buildSettings = {
				CODE_SIGN_STYLE = Automatic;
				DEVELOPMENT_TEAM = SLMN9EM3Q9;
				INFOPLIST_FILE = paloITUITests/Info.plist;
				LD_RUNPATH_SEARCH_PATHS = (
					"$(inherited)",
					"@executable_path/Frameworks",
					"@loader_path/Frameworks",
				);
				PRODUCT_BUNDLE_IDENTIFIER = poncedevs.paloITUITests;
				PRODUCT_NAME = "$(TARGET_NAME)";
				SWIFT_VERSION = 5.0;
				TARGETED_DEVICE_FAMILY = "1,2";
				TEST_TARGET_NAME = "paloIT-test";
			};
			name = Debug;
		};
		7545FF7124DA2CFB0001BE46 /* Release */ = {
			isa = XCBuildConfiguration;
			buildSettings = {
				CODE_SIGN_STYLE = Automatic;
				DEVELOPMENT_TEAM = SLMN9EM3Q9;
				INFOPLIST_FILE = paloITUITests/Info.plist;
				LD_RUNPATH_SEARCH_PATHS = (
					"$(inherited)",
					"@executable_path/Frameworks",
					"@loader_path/Frameworks",
				);
				PRODUCT_BUNDLE_IDENTIFIER = poncedevs.paloITUITests;
				PRODUCT_NAME = "$(TARGET_NAME)";
				SWIFT_VERSION = 5.0;
				TARGETED_DEVICE_FAMILY = "1,2";
				TEST_TARGET_NAME = "paloIT-test";
			};
			name = Release;
		};
		7545FF7E24DA2D810001BE46 /* Debug */ = {
			isa = XCBuildConfiguration;
			buildSettings = {
				BUNDLE_LOADER = "$(TEST_HOST)";
				CODE_SIGN_STYLE = Automatic;
				DEVELOPMENT_TEAM = SLMN9EM3Q9;
				INFOPLIST_FILE = paloITTests/Info.plist;
				LD_RUNPATH_SEARCH_PATHS = (
					"$(inherited)",
					"@executable_path/Frameworks",
					"@loader_path/Frameworks",
				);
				PRODUCT_BUNDLE_IDENTIFIER = poncedevs.paloITTests;
				PRODUCT_NAME = "$(TARGET_NAME)";
				SWIFT_VERSION = 5.0;
				TARGETED_DEVICE_FAMILY = "1,2";
				TEST_HOST = "$(BUILT_PRODUCTS_DIR)/paloIT-test.app/paloIT-test";
			};
			name = Debug;
		};
		7545FF7F24DA2D810001BE46 /* Release */ = {
			isa = XCBuildConfiguration;
			buildSettings = {
				BUNDLE_LOADER = "$(TEST_HOST)";
				CODE_SIGN_STYLE = Automatic;
				DEVELOPMENT_TEAM = SLMN9EM3Q9;
				INFOPLIST_FILE = paloITTests/Info.plist;
				LD_RUNPATH_SEARCH_PATHS = (
					"$(inherited)",
					"@executable_path/Frameworks",
					"@loader_path/Frameworks",
				);
				PRODUCT_BUNDLE_IDENTIFIER = poncedevs.paloITTests;
				PRODUCT_NAME = "$(TARGET_NAME)";
				SWIFT_VERSION = 5.0;
				TARGETED_DEVICE_FAMILY = "1,2";
				TEST_HOST = "$(BUILT_PRODUCTS_DIR)/paloIT-test.app/paloIT-test";
			};
			name = Release;
		};
/* End XCBuildConfiguration section */

/* Begin XCConfigurationList section */
		753CB6A824D21A6700F45D67 /* Build configuration list for PBXProject "paloIT-test" */ = {
			isa = XCConfigurationList;
			buildConfigurations = (
				753CB6BF24D21A6D00F45D67 /* Debug */,
				753CB6C024D21A6D00F45D67 /* Release */,
			);
			defaultConfigurationIsVisible = 0;
			defaultConfigurationName = Release;
		};
		753CB6C124D21A6D00F45D67 /* Build configuration list for PBXNativeTarget "paloIT-test" */ = {
			isa = XCConfigurationList;
			buildConfigurations = (
				753CB6C224D21A6D00F45D67 /* Debug */,
				753CB6C324D21A6D00F45D67 /* Release */,
			);
			defaultConfigurationIsVisible = 0;
			defaultConfigurationName = Release;
		};
		7545FF6F24DA2CFB0001BE46 /* Build configuration list for PBXNativeTarget "paloITUITests" */ = {
			isa = XCConfigurationList;
			buildConfigurations = (
				7545FF7024DA2CFB0001BE46 /* Debug */,
				7545FF7124DA2CFB0001BE46 /* Release */,
			);
			defaultConfigurationIsVisible = 0;
			defaultConfigurationName = Release;
		};
		7545FF7D24DA2D810001BE46 /* Build configuration list for PBXNativeTarget "paloITTests" */ = {
			isa = XCConfigurationList;
			buildConfigurations = (
				7545FF7E24DA2D810001BE46 /* Debug */,
				7545FF7F24DA2D810001BE46 /* Release */,
			);
			defaultConfigurationIsVisible = 0;
			defaultConfigurationName = Release;
		};
/* End XCConfigurationList section */
	};
	rootObject = 753CB6A524D21A6700F45D67 /* Project object */;
}
